
Microsoft Visual Studio Solution File, Format Version 12.00
# Visual Studio 2017
Project("{FAE04EC0-301F-11D3-BF4B-00C04F79EFBC}") = "Year-Long Project (Fixed)", "Year-Long Project (Fixed).csproj", "{29C4880E-E464-F673-B500-0646F7BEF13C}"
EndProject
Project("{FAE04EC0-301F-11D3-BF4B-00C04F79EFBC}") = "Year-Long Project (Fixed).Editor", "Year-Long Project (Fixed).Editor.csproj", "{338847DD-ED3F-083B-A5E4-E28A237A8E20}"
EndProject
Global
	GlobalSection(SolutionConfigurationPlatforms) = preSolution
		Debug|Any CPU = Debug|Any CPU
		Release|Any CPU = Release|Any CPU
	EndGlobalSection
	GlobalSection(ProjectConfigurationPlatforms) = postSolution
		{29C4880E-E464-F673-B500-0646F7BEF13C}.Debug|Any CPU.ActiveCfg = Debug|Any CPU
		{29C4880E-E464-F673-B500-0646F7BEF13C}.Debug|Any CPU.Build.0 = Debug|Any CPU
		{29C4880E-E464-F673-B500-0646F7BEF13C}.Release|Any CPU.ActiveCfg = Release|Any CPU
		{29C4880E-E464-F673-B500-0646F7BEF13C}.Release|Any CPU.Build.0 = Release|Any CPU
		{338847DD-ED3F-083B-A5E4-E28A237A8E20}.Debug|Any CPU.ActiveCfg = Debug|Any CPU
		{338847DD-ED3F-083B-A5E4-E28A237A8E20}.Debug|Any CPU.Build.0 = Debug|Any CPU
		{338847DD-ED3F-083B-A5E4-E28A237A8E20}.Release|Any CPU.ActiveCfg = Release|Any CPU
		{338847DD-ED3F-083B-A5E4-E28A237A8E20}.Release|Any CPU.Build.0 = Release|Any CPU
	EndGlobalSection
	GlobalSection(SolutionProperties) = preSolution
		HideSolutionNode = FALSE
	EndGlobalSection
EndGlobal
